// !$*UTF8*$!
{
	archiveVersion = 1;
	classes = {
	};
	objectVersion = 56;
	objects = {

/* Begin PBXBuildFile section */
		ED10D11A2BF6C1520077643B /* LocalDatabase.swift in Sources */ = {isa = PBXBuildFile; fileRef = ED10D1192BF6C1520077643B /* LocalDatabase.swift */; };
		ED326CD82BF5291100934AD6 /* FetchItemsMapper.swift in Sources */ = {isa = PBXBuildFile; fileRef = ED326CD72BF5291100934AD6 /* FetchItemsMapper.swift */; };
		ED778AF52BF7EEC2002ECA41 /* HomeViewModel.swift in Sources */ = {isa = PBXBuildFile; fileRef = ED778AF42BF7EEC2002ECA41 /* HomeViewModel.swift */; };
		ED8D5FC52BF5443F004B4DA1 /* ItemLinkView.swift in Sources */ = {isa = PBXBuildFile; fileRef = ED8D5FC42BF5443F004B4DA1 /* ItemLinkView.swift */; };
		ED8D5FC82BF66403004B4DA1 /* ItemEntity.swift in Sources */ = {isa = PBXBuildFile; fileRef = ED8D5FC72BF66403004B4DA1 /* ItemEntity.swift */; };
		ED8D5FCA2BF66410004B4DA1 /* ItemRequestEntity.swift in Sources */ = {isa = PBXBuildFile; fileRef = ED8D5FC92BF66410004B4DA1 /* ItemRequestEntity.swift */; };
		EDC933D02BDC0FA40056BBB0 /* ItemDetailView.swift in Sources */ = {isa = PBXBuildFile; fileRef = EDC933CF2BDC0FA40056BBB0 /* ItemDetailView.swift */; };
		EDC933D42BDDB4340056BBB0 /* Item.swift in Sources */ = {isa = PBXBuildFile; fileRef = EDC933D32BDDB4340056BBB0 /* Item.swift */; };
		EDC933D92BDDC0F00056BBB0 /* ItemVListViewModel.swift in Sources */ = {isa = PBXBuildFile; fileRef = EDC933D82BDDC0F00056BBB0 /* ItemVListViewModel.swift */; };
		EDC933DB2BDDC22E0056BBB0 /* ItemVListView.swift in Sources */ = {isa = PBXBuildFile; fileRef = EDC933DA2BDDC22E0056BBB0 /* ItemVListView.swift */; };
		EDC933DF2BDDD0780056BBB0 /* CharacterDto.swift in Sources */ = {isa = PBXBuildFile; fileRef = EDC933DE2BDDD0780056BBB0 /* CharacterDto.swift */; };
		EDC933EB2BDDEF560056BBB0 /* EventDto.swift in Sources */ = {isa = PBXBuildFile; fileRef = EDC933EA2BDDEF560056BBB0 /* EventDto.swift */; };
		EDC933F32BDDF1D60056BBB0 /* CreatorDto.swift in Sources */ = {isa = PBXBuildFile; fileRef = EDC933F22BDDF1D60056BBB0 /* CreatorDto.swift */; };
		EDC933F92BDDF2140056BBB0 /* StoryDto.swift in Sources */ = {isa = PBXBuildFile; fileRef = EDC933F82BDDF2140056BBB0 /* StoryDto.swift */; };
		EDC934032BDEB1560056BBB0 /* SeriesDto.swift in Sources */ = {isa = PBXBuildFile; fileRef = EDC934022BDEB1560056BBB0 /* SeriesDto.swift */; };
		EDC934112BE0735D0056BBB0 /* DataDto.swift in Sources */ = {isa = PBXBuildFile; fileRef = EDC934102BE0735D0056BBB0 /* DataDto.swift */; };
		EDC934132BE073640056BBB0 /* ResponseDto.swift in Sources */ = {isa = PBXBuildFile; fileRef = EDC934122BE073640056BBB0 /* ResponseDto.swift */; };
		EDC934172BE0762E0056BBB0 /* MappedItem.swift in Sources */ = {isa = PBXBuildFile; fileRef = EDC934162BE0762E0056BBB0 /* MappedItem.swift */; };
		EDC934192BE0787E0056BBB0 /* ThumbnailDto.swift in Sources */ = {isa = PBXBuildFile; fileRef = EDC934182BE0787E0056BBB0 /* ThumbnailDto.swift */; };
		EDC9341F2BE142910056BBB0 /* HomeView.swift in Sources */ = {isa = PBXBuildFile; fileRef = EDC9341E2BE142910056BBB0 /* HomeView.swift */; };
		EDC934222BE14C260056BBB0 /* ItemHListView.swift in Sources */ = {isa = PBXBuildFile; fileRef = EDC934212BE14C260056BBB0 /* ItemHListView.swift */; };
		EDC934242BE1526F0056BBB0 /* ItemHListViewModel.swift in Sources */ = {isa = PBXBuildFile; fileRef = EDC934232BE1526F0056BBB0 /* ItemHListViewModel.swift */; };
		EDEB792E2BCEE164007711FD /* ComicBookApp.swift in Sources */ = {isa = PBXBuildFile; fileRef = EDEB792D2BCEE164007711FD /* ComicBookApp.swift */; };
		EDEB79322BCEE165007711FD /* Assets.xcassets in Resources */ = {isa = PBXBuildFile; fileRef = EDEB79312BCEE165007711FD /* Assets.xcassets */; };
		EDEB79352BCEE165007711FD /* Preview Assets.xcassets in Resources */ = {isa = PBXBuildFile; fileRef = EDEB79342BCEE165007711FD /* Preview Assets.xcassets */; };
		EDEB793F2BCEE165007711FD /* ComicBookTests.swift in Sources */ = {isa = PBXBuildFile; fileRef = EDEB793E2BCEE165007711FD /* ComicBookTests.swift */; };
		EDEB79492BCEE165007711FD /* ComicBookUITests.swift in Sources */ = {isa = PBXBuildFile; fileRef = EDEB79482BCEE165007711FD /* ComicBookUITests.swift */; };
		EDEB794B2BCEE165007711FD /* ComicBookUITestsLaunchTests.swift in Sources */ = {isa = PBXBuildFile; fileRef = EDEB794A2BCEE165007711FD /* ComicBookUITestsLaunchTests.swift */; };
		EDEB795F2BCEFC89007711FD /* ComicBookRepository.swift in Sources */ = {isa = PBXBuildFile; fileRef = EDEB795E2BCEFC89007711FD /* ComicBookRepository.swift */; };
		EDEB79642BCF028F007711FD /* ComicDto.swift in Sources */ = {isa = PBXBuildFile; fileRef = EDEB79632BCF028F007711FD /* ComicDto.swift */; };
		EDEB796A2BCF054E007711FD /* ComicBookRepositoryImpl.swift in Sources */ = {isa = PBXBuildFile; fileRef = EDEB79692BCF054D007711FD /* ComicBookRepositoryImpl.swift */; };
		EDEB796C2BCF05CB007711FD /* ComicBookApi.swift in Sources */ = {isa = PBXBuildFile; fileRef = EDEB796B2BCF05CB007711FD /* ComicBookApi.swift */; };
		EDEB79712BCF094E007711FD /* ComicBookRemote.swift in Sources */ = {isa = PBXBuildFile; fileRef = EDEB79702BCF094E007711FD /* ComicBookRemote.swift */; };
		EDEB797F2BCF72EE007711FD /* CachedAsyncImage in Frameworks */ = {isa = PBXBuildFile; productRef = EDEB797E2BCF72EE007711FD /* CachedAsyncImage */; };
/* End PBXBuildFile section */

/* Begin PBXContainerItemProxy section */
		EDEB793B2BCEE165007711FD /* PBXContainerItemProxy */ = {
			isa = PBXContainerItemProxy;
			containerPortal = EDEB79222BCEE164007711FD /* Project object */;
			proxyType = 1;
			remoteGlobalIDString = EDEB79292BCEE164007711FD;
			remoteInfo = ComicBook;
		};
		EDEB79452BCEE165007711FD /* PBXContainerItemProxy */ = {
			isa = PBXContainerItemProxy;
			containerPortal = EDEB79222BCEE164007711FD /* Project object */;
			proxyType = 1;
			remoteGlobalIDString = EDEB79292BCEE164007711FD;
			remoteInfo = ComicBook;
		};
/* End PBXContainerItemProxy section */

/* Begin PBXFileReference section */
		ED10D1192BF6C1520077643B /* LocalDatabase.swift */ = {isa = PBXFileReference; lastKnownFileType = sourcecode.swift; path = LocalDatabase.swift; sourceTree = "<group>"; };
		ED326CD72BF5291100934AD6 /* FetchItemsMapper.swift */ = {isa = PBXFileReference; lastKnownFileType = sourcecode.swift; path = FetchItemsMapper.swift; sourceTree = "<group>"; };
		ED778AF42BF7EEC2002ECA41 /* HomeViewModel.swift */ = {isa = PBXFileReference; lastKnownFileType = sourcecode.swift; path = HomeViewModel.swift; sourceTree = "<group>"; };
		ED8D5FC42BF5443F004B4DA1 /* ItemLinkView.swift */ = {isa = PBXFileReference; lastKnownFileType = sourcecode.swift; path = ItemLinkView.swift; sourceTree = "<group>"; };
		ED8D5FC72BF66403004B4DA1 /* ItemEntity.swift */ = {isa = PBXFileReference; lastKnownFileType = sourcecode.swift; path = ItemEntity.swift; sourceTree = "<group>"; };
		ED8D5FC92BF66410004B4DA1 /* ItemRequestEntity.swift */ = {isa = PBXFileReference; lastKnownFileType = sourcecode.swift; path = ItemRequestEntity.swift; sourceTree = "<group>"; };
		EDC933CF2BDC0FA40056BBB0 /* ItemDetailView.swift */ = {isa = PBXFileReference; lastKnownFileType = sourcecode.swift; path = ItemDetailView.swift; sourceTree = "<group>"; };
		EDC933D32BDDB4340056BBB0 /* Item.swift */ = {isa = PBXFileReference; lastKnownFileType = sourcecode.swift; path = Item.swift; sourceTree = "<group>"; };
		EDC933D82BDDC0F00056BBB0 /* ItemVListViewModel.swift */ = {isa = PBXFileReference; lastKnownFileType = sourcecode.swift; path = ItemVListViewModel.swift; sourceTree = "<group>"; };
		EDC933DA2BDDC22E0056BBB0 /* ItemVListView.swift */ = {isa = PBXFileReference; lastKnownFileType = sourcecode.swift; path = ItemVListView.swift; sourceTree = "<group>"; };
		EDC933DE2BDDD0780056BBB0 /* CharacterDto.swift */ = {isa = PBXFileReference; lastKnownFileType = sourcecode.swift; path = CharacterDto.swift; sourceTree = "<group>"; };
		EDC933EA2BDDEF560056BBB0 /* EventDto.swift */ = {isa = PBXFileReference; lastKnownFileType = sourcecode.swift; path = EventDto.swift; sourceTree = "<group>"; };
		EDC933F22BDDF1D60056BBB0 /* CreatorDto.swift */ = {isa = PBXFileReference; lastKnownFileType = sourcecode.swift; path = CreatorDto.swift; sourceTree = "<group>"; };
		EDC933F82BDDF2140056BBB0 /* StoryDto.swift */ = {isa = PBXFileReference; lastKnownFileType = sourcecode.swift; path = StoryDto.swift; sourceTree = "<group>"; };
		EDC934022BDEB1560056BBB0 /* SeriesDto.swift */ = {isa = PBXFileReference; lastKnownFileType = sourcecode.swift; path = SeriesDto.swift; sourceTree = "<group>"; };
		EDC934102BE0735D0056BBB0 /* DataDto.swift */ = {isa = PBXFileReference; fileEncoding = 4; lastKnownFileType = sourcecode.swift; path = DataDto.swift; sourceTree = "<group>"; };
		EDC934122BE073640056BBB0 /* ResponseDto.swift */ = {isa = PBXFileReference; fileEncoding = 4; lastKnownFileType = sourcecode.swift; path = ResponseDto.swift; sourceTree = "<group>"; };
		EDC934162BE0762E0056BBB0 /* MappedItem.swift */ = {isa = PBXFileReference; lastKnownFileType = sourcecode.swift; path = MappedItem.swift; sourceTree = "<group>"; };
		EDC934182BE0787E0056BBB0 /* ThumbnailDto.swift */ = {isa = PBXFileReference; lastKnownFileType = sourcecode.swift; path = ThumbnailDto.swift; sourceTree = "<group>"; };
		EDC9341E2BE142910056BBB0 /* HomeView.swift */ = {isa = PBXFileReference; lastKnownFileType = sourcecode.swift; path = HomeView.swift; sourceTree = "<group>"; };
		EDC934212BE14C260056BBB0 /* ItemHListView.swift */ = {isa = PBXFileReference; lastKnownFileType = sourcecode.swift; path = ItemHListView.swift; sourceTree = "<group>"; };
		EDC934232BE1526F0056BBB0 /* ItemHListViewModel.swift */ = {isa = PBXFileReference; lastKnownFileType = sourcecode.swift; path = ItemHListViewModel.swift; sourceTree = "<group>"; };
		EDEB792A2BCEE164007711FD /* ComicBook.app */ = {isa = PBXFileReference; explicitFileType = wrapper.application; includeInIndex = 0; path = ComicBook.app; sourceTree = BUILT_PRODUCTS_DIR; };
		EDEB792D2BCEE164007711FD /* ComicBookApp.swift */ = {isa = PBXFileReference; lastKnownFileType = sourcecode.swift; path = ComicBookApp.swift; sourceTree = "<group>"; };
		EDEB79312BCEE165007711FD /* Assets.xcassets */ = {isa = PBXFileReference; lastKnownFileType = folder.assetcatalog; path = Assets.xcassets; sourceTree = "<group>"; };
		EDEB79342BCEE165007711FD /* Preview Assets.xcassets */ = {isa = PBXFileReference; lastKnownFileType = folder.assetcatalog; path = "Preview Assets.xcassets"; sourceTree = "<group>"; };
		EDEB793A2BCEE165007711FD /* ComicBookTests.xctest */ = {isa = PBXFileReference; explicitFileType = wrapper.cfbundle; includeInIndex = 0; path = ComicBookTests.xctest; sourceTree = BUILT_PRODUCTS_DIR; };
		EDEB793E2BCEE165007711FD /* ComicBookTests.swift */ = {isa = PBXFileReference; lastKnownFileType = sourcecode.swift; path = ComicBookTests.swift; sourceTree = "<group>"; };
		EDEB79442BCEE165007711FD /* ComicBookUITests.xctest */ = {isa = PBXFileReference; explicitFileType = wrapper.cfbundle; includeInIndex = 0; path = ComicBookUITests.xctest; sourceTree = BUILT_PRODUCTS_DIR; };
		EDEB79482BCEE165007711FD /* ComicBookUITests.swift */ = {isa = PBXFileReference; lastKnownFileType = sourcecode.swift; path = ComicBookUITests.swift; sourceTree = "<group>"; };
		EDEB794A2BCEE165007711FD /* ComicBookUITestsLaunchTests.swift */ = {isa = PBXFileReference; lastKnownFileType = sourcecode.swift; path = ComicBookUITestsLaunchTests.swift; sourceTree = "<group>"; };
		EDEB795E2BCEFC89007711FD /* ComicBookRepository.swift */ = {isa = PBXFileReference; lastKnownFileType = sourcecode.swift; path = ComicBookRepository.swift; sourceTree = "<group>"; };
		EDEB79632BCF028F007711FD /* ComicDto.swift */ = {isa = PBXFileReference; lastKnownFileType = sourcecode.swift; path = ComicDto.swift; sourceTree = "<group>"; };
		EDEB79692BCF054D007711FD /* ComicBookRepositoryImpl.swift */ = {isa = PBXFileReference; lastKnownFileType = sourcecode.swift; path = ComicBookRepositoryImpl.swift; sourceTree = "<group>"; };
		EDEB796B2BCF05CB007711FD /* ComicBookApi.swift */ = {isa = PBXFileReference; lastKnownFileType = sourcecode.swift; path = ComicBookApi.swift; sourceTree = "<group>"; };
		EDEB79702BCF094E007711FD /* ComicBookRemote.swift */ = {isa = PBXFileReference; lastKnownFileType = sourcecode.swift; path = ComicBookRemote.swift; sourceTree = "<group>"; };
/* End PBXFileReference section */

/* Begin PBXFrameworksBuildPhase section */
		EDEB79272BCEE164007711FD /* Frameworks */ = {
			isa = PBXFrameworksBuildPhase;
			buildActionMask = 2147483647;
			files = (
				EDEB797F2BCF72EE007711FD /* CachedAsyncImage in Frameworks */,
			);
			runOnlyForDeploymentPostprocessing = 0;
		};
		EDEB79372BCEE165007711FD /* Frameworks */ = {
			isa = PBXFrameworksBuildPhase;
			buildActionMask = 2147483647;
			files = (
			);
			runOnlyForDeploymentPostprocessing = 0;
		};
		EDEB79412BCEE165007711FD /* Frameworks */ = {
			isa = PBXFrameworksBuildPhase;
			buildActionMask = 2147483647;
			files = (
			);
			runOnlyForDeploymentPostprocessing = 0;
		};
/* End PBXFrameworksBuildPhase section */

/* Begin PBXGroup section */
		ED8D5FC32BF54402004B4DA1 /* ItemLink */ = {
			isa = PBXGroup;
			children = (
				ED8D5FC42BF5443F004B4DA1 /* ItemLinkView.swift */,
			);
			path = ItemLink;
			sourceTree = "<group>";
		};
		ED8D5FC62BF663F0004B4DA1 /* Local */ = {
			isa = PBXGroup;
			children = (
				ED8D5FC72BF66403004B4DA1 /* ItemEntity.swift */,
				ED8D5FC92BF66410004B4DA1 /* ItemRequestEntity.swift */,
				ED10D1192BF6C1520077643B /* LocalDatabase.swift */,
			);
			path = Local;
			sourceTree = "<group>";
		};
		EDC933D52BDDBD590056BBB0 /* ItemVList */ = {
			isa = PBXGroup;
			children = (
				EDC933DA2BDDC22E0056BBB0 /* ItemVListView.swift */,
				EDC933D82BDDC0F00056BBB0 /* ItemVListViewModel.swift */,
			);
			path = ItemVList;
			sourceTree = "<group>";
		};
		EDC9341C2BE142150056BBB0 /* ItemDetail */ = {
			isa = PBXGroup;
			children = (
				EDC933CF2BDC0FA40056BBB0 /* ItemDetailView.swift */,
			);
			path = ItemDetail;
			sourceTree = "<group>";
		};
		EDC9341D2BE1421D0056BBB0 /* Home */ = {
			isa = PBXGroup;
			children = (
				EDC9341E2BE142910056BBB0 /* HomeView.swift */,
				ED778AF42BF7EEC2002ECA41 /* HomeViewModel.swift */,
			);
			path = Home;
			sourceTree = "<group>";
		};
		EDC934202BE14BE40056BBB0 /* ItemHList */ = {
			isa = PBXGroup;
			children = (
				EDC934212BE14C260056BBB0 /* ItemHListView.swift */,
				EDC934232BE1526F0056BBB0 /* ItemHListViewModel.swift */,
			);
			path = ItemHList;
			sourceTree = "<group>";
		};
		EDEB79212BCEE164007711FD = {
			isa = PBXGroup;
			children = (
				EDEB792C2BCEE164007711FD /* ComicBook */,
				EDEB793D2BCEE165007711FD /* ComicBookTests */,
				EDEB79472BCEE165007711FD /* ComicBookUITests */,
				EDEB792B2BCEE164007711FD /* Products */,
				EDEB797D2BCF72E0007711FD /* Frameworks */,
			);
			sourceTree = "<group>";
		};
		EDEB792B2BCEE164007711FD /* Products */ = {
			isa = PBXGroup;
			children = (
				EDEB792A2BCEE164007711FD /* ComicBook.app */,
				EDEB793A2BCEE165007711FD /* ComicBookTests.xctest */,
				EDEB79442BCEE165007711FD /* ComicBookUITests.xctest */,
			);
			name = Products;
			sourceTree = "<group>";
		};
		EDEB792C2BCEE164007711FD /* ComicBook */ = {
			isa = PBXGroup;
			children = (
				EDEB79572BCEE1B1007711FD /* Data */,
				EDEB79592BCEFB5C007711FD /* Domain */,
				EDEB79582BCEFB52007711FD /* Presentation */,
				EDEB792D2BCEE164007711FD /* ComicBookApp.swift */,
				EDEB79312BCEE165007711FD /* Assets.xcassets */,
				EDEB79332BCEE165007711FD /* Preview Content */,
			);
			path = ComicBook;
			sourceTree = "<group>";
		};
		EDEB79332BCEE165007711FD /* Preview Content */ = {
			isa = PBXGroup;
			children = (
				EDEB79342BCEE165007711FD /* Preview Assets.xcassets */,
			);
			path = "Preview Content";
			sourceTree = "<group>";
		};
		EDEB793D2BCEE165007711FD /* ComicBookTests */ = {
			isa = PBXGroup;
			children = (
				EDEB793E2BCEE165007711FD /* ComicBookTests.swift */,
			);
			path = ComicBookTests;
			sourceTree = "<group>";
		};
		EDEB79472BCEE165007711FD /* ComicBookUITests */ = {
			isa = PBXGroup;
			children = (
				EDEB79482BCEE165007711FD /* ComicBookUITests.swift */,
				EDEB794A2BCEE165007711FD /* ComicBookUITestsLaunchTests.swift */,
			);
			path = ComicBookUITests;
			sourceTree = "<group>";
		};
		EDEB79572BCEE1B1007711FD /* Data */ = {
			isa = PBXGroup;
			children = (
				ED8D5FC62BF663F0004B4DA1 /* Local */,
				EDEB79602BCF0237007711FD /* Remote */,
				EDEB79612BCF024C007711FD /* Repository */,
			);
			path = Data;
			sourceTree = "<group>";
		};
		EDEB79582BCEFB52007711FD /* Presentation */ = {
			isa = PBXGroup;
			children = (
				EDC9341D2BE1421D0056BBB0 /* Home */,
				ED8D5FC32BF54402004B4DA1 /* ItemLink */,
				EDC9341C2BE142150056BBB0 /* ItemDetail */,
				EDC933D52BDDBD590056BBB0 /* ItemVList */,
				EDC934202BE14BE40056BBB0 /* ItemHList */,
			);
			path = Presentation;
			sourceTree = "<group>";
		};
		EDEB79592BCEFB5C007711FD /* Domain */ = {
			isa = PBXGroup;
			children = (
				EDEB795A2BCEFB84007711FD /* Model */,
				EDEB795B2BCEFB8B007711FD /* Repository */,
			);
			path = Domain;
			sourceTree = "<group>";
		};
		EDEB795A2BCEFB84007711FD /* Model */ = {
			isa = PBXGroup;
			children = (
				EDC933D32BDDB4340056BBB0 /* Item.swift */,
			);
			path = Model;
			sourceTree = "<group>";
		};
		EDEB795B2BCEFB8B007711FD /* Repository */ = {
			isa = PBXGroup;
			children = (
				EDEB795E2BCEFC89007711FD /* ComicBookRepository.swift */,
				ED326CD72BF5291100934AD6 /* FetchItemsMapper.swift */,
			);
			path = Repository;
			sourceTree = "<group>";
		};
		EDEB79602BCF0237007711FD /* Remote */ = {
			isa = PBXGroup;
			children = (
				EDEB796B2BCF05CB007711FD /* ComicBookApi.swift */,
				EDEB79702BCF094E007711FD /* ComicBookRemote.swift */,
			);
			path = Remote;
			sourceTree = "<group>";
		};
		EDEB79612BCF024C007711FD /* Repository */ = {
			isa = PBXGroup;
			children = (
				EDEB79622BCF0277007711FD /* Dto */,
				EDEB79692BCF054D007711FD /* ComicBookRepositoryImpl.swift */,
			);
			path = Repository;
			sourceTree = "<group>";
		};
		EDEB79622BCF0277007711FD /* Dto */ = {
			isa = PBXGroup;
			children = (
				EDC934122BE073640056BBB0 /* ResponseDto.swift */,
				EDC934102BE0735D0056BBB0 /* DataDto.swift */,
				EDC934182BE0787E0056BBB0 /* ThumbnailDto.swift */,
				EDEB79632BCF028F007711FD /* ComicDto.swift */,
				EDC933DE2BDDD0780056BBB0 /* CharacterDto.swift */,
				EDC933EA2BDDEF560056BBB0 /* EventDto.swift */,
				EDC933F22BDDF1D60056BBB0 /* CreatorDto.swift */,
				EDC933F82BDDF2140056BBB0 /* StoryDto.swift */,
				EDC934022BDEB1560056BBB0 /* SeriesDto.swift */,
				EDC934162BE0762E0056BBB0 /* MappedItem.swift */,
			);
			path = Dto;
			sourceTree = "<group>";
		};
		EDEB797D2BCF72E0007711FD /* Frameworks */ = {
			isa = PBXGroup;
			children = (
			);
			name = Frameworks;
			sourceTree = "<group>";
		};
/* End PBXGroup section */

/* Begin PBXNativeTarget section */
		EDEB79292BCEE164007711FD /* ComicBook */ = {
			isa = PBXNativeTarget;
			buildConfigurationList = EDEB794E2BCEE165007711FD /* Build configuration list for PBXNativeTarget "ComicBook" */;
			buildPhases = (
				EDEB79262BCEE164007711FD /* Sources */,
				EDEB79272BCEE164007711FD /* Frameworks */,
				EDEB79282BCEE164007711FD /* Resources */,
			);
			buildRules = (
			);
			dependencies = (
			);
			name = ComicBook;
			packageProductDependencies = (
				EDEB797E2BCF72EE007711FD /* CachedAsyncImage */,
			);
			productName = ComicBook;
			productReference = EDEB792A2BCEE164007711FD /* ComicBook.app */;
			productType = "com.apple.product-type.application";
		};
		EDEB79392BCEE165007711FD /* ComicBookTests */ = {
			isa = PBXNativeTarget;
			buildConfigurationList = EDEB79512BCEE165007711FD /* Build configuration list for PBXNativeTarget "ComicBookTests" */;
			buildPhases = (
				EDEB79362BCEE165007711FD /* Sources */,
				EDEB79372BCEE165007711FD /* Frameworks */,
				EDEB79382BCEE165007711FD /* Resources */,
			);
			buildRules = (
			);
			dependencies = (
				EDEB793C2BCEE165007711FD /* PBXTargetDependency */,
			);
			name = ComicBookTests;
			productName = ComicBookTests;
			productReference = EDEB793A2BCEE165007711FD /* ComicBookTests.xctest */;
			productType = "com.apple.product-type.bundle.unit-test";
		};
		EDEB79432BCEE165007711FD /* ComicBookUITests */ = {
			isa = PBXNativeTarget;
			buildConfigurationList = EDEB79542BCEE165007711FD /* Build configuration list for PBXNativeTarget "ComicBookUITests" */;
			buildPhases = (
				EDEB79402BCEE165007711FD /* Sources */,
				EDEB79412BCEE165007711FD /* Frameworks */,
				EDEB79422BCEE165007711FD /* Resources */,
			);
			buildRules = (
			);
			dependencies = (
				EDEB79462BCEE165007711FD /* PBXTargetDependency */,
			);
			name = ComicBookUITests;
			productName = ComicBookUITests;
			productReference = EDEB79442BCEE165007711FD /* ComicBookUITests.xctest */;
			productType = "com.apple.product-type.bundle.ui-testing";
		};
/* End PBXNativeTarget section */

/* Begin PBXProject section */
		EDEB79222BCEE164007711FD /* Project object */ = {
			isa = PBXProject;
			attributes = {
				BuildIndependentTargetsInParallel = 1;
				LastSwiftUpdateCheck = 1520;
				LastUpgradeCheck = 1520;
				TargetAttributes = {
					EDEB79292BCEE164007711FD = {
						CreatedOnToolsVersion = 15.2;
					};
					EDEB79392BCEE165007711FD = {
						CreatedOnToolsVersion = 15.2;
						TestTargetID = EDEB79292BCEE164007711FD;
					};
					EDEB79432BCEE165007711FD = {
						CreatedOnToolsVersion = 15.2;
						TestTargetID = EDEB79292BCEE164007711FD;
					};
				};
			};
			buildConfigurationList = EDEB79252BCEE164007711FD /* Build configuration list for PBXProject "ComicBook" */;
			compatibilityVersion = "Xcode 14.0";
			developmentRegion = en;
			hasScannedForEncodings = 0;
			knownRegions = (
				en,
				Base,
			);
			mainGroup = EDEB79212BCEE164007711FD;
			packageReferences = (
				EDEB797A2BCF7115007711FD /* XCRemoteSwiftPackageReference "swiftui-cached-async-image" */,
			);
			productRefGroup = EDEB792B2BCEE164007711FD /* Products */;
			projectDirPath = "";
			projectRoot = "";
			targets = (
				EDEB79292BCEE164007711FD /* ComicBook */,
				EDEB79392BCEE165007711FD /* ComicBookTests */,
				EDEB79432BCEE165007711FD /* ComicBookUITests */,
			);
		};
/* End PBXProject section */

/* Begin PBXResourcesBuildPhase section */
		EDEB79282BCEE164007711FD /* Resources */ = {
			isa = PBXResourcesBuildPhase;
			buildActionMask = 2147483647;
			files = (
				EDEB79352BCEE165007711FD /* Preview Assets.xcassets in Resources */,
				EDEB79322BCEE165007711FD /* Assets.xcassets in Resources */,
			);
			runOnlyForDeploymentPostprocessing = 0;
		};
		EDEB79382BCEE165007711FD /* Resources */ = {
			isa = PBXResourcesBuildPhase;
			buildActionMask = 2147483647;
			files = (
			);
			runOnlyForDeploymentPostprocessing = 0;
		};
		EDEB79422BCEE165007711FD /* Resources */ = {
			isa = PBXResourcesBuildPhase;
			buildActionMask = 2147483647;
			files = (
			);
			runOnlyForDeploymentPostprocessing = 0;
		};
/* End PBXResourcesBuildPhase section */

/* Begin PBXSourcesBuildPhase section */
		EDEB79262BCEE164007711FD /* Sources */ = {
			isa = PBXSourcesBuildPhase;
			buildActionMask = 2147483647;
			files = (
				EDC933DF2BDDD0780056BBB0 /* CharacterDto.swift in Sources */,
				EDEB796A2BCF054E007711FD /* ComicBookRepositoryImpl.swift in Sources */,
				EDEB79642BCF028F007711FD /* ComicDto.swift in Sources */,
				EDC933D42BDDB4340056BBB0 /* Item.swift in Sources */,
				EDC933F92BDDF2140056BBB0 /* StoryDto.swift in Sources */,
				ED8D5FC52BF5443F004B4DA1 /* ItemLinkView.swift in Sources */,
				EDC9341F2BE142910056BBB0 /* HomeView.swift in Sources */,
				EDC933F32BDDF1D60056BBB0 /* CreatorDto.swift in Sources */,
				ED326CD82BF5291100934AD6 /* FetchItemsMapper.swift in Sources */,
				ED10D11A2BF6C1520077643B /* LocalDatabase.swift in Sources */,
				EDC933D02BDC0FA40056BBB0 /* ItemDetailView.swift in Sources */,
				EDC934132BE073640056BBB0 /* ResponseDto.swift in Sources */,
				EDC934032BDEB1560056BBB0 /* SeriesDto.swift in Sources */,
				ED8D5FC82BF66403004B4DA1 /* ItemEntity.swift in Sources */,
				EDC933D92BDDC0F00056BBB0 /* ItemVListViewModel.swift in Sources */,
				EDC934172BE0762E0056BBB0 /* MappedItem.swift in Sources */,
				ED8D5FCA2BF66410004B4DA1 /* ItemRequestEntity.swift in Sources */,
				EDC934242BE1526F0056BBB0 /* ItemHListViewModel.swift in Sources */,
				EDC933EB2BDDEF560056BBB0 /* EventDto.swift in Sources */,
				EDC934112BE0735D0056BBB0 /* DataDto.swift in Sources */,
				EDC933DB2BDDC22E0056BBB0 /* ItemVListView.swift in Sources */,
				EDEB795F2BCEFC89007711FD /* ComicBookRepository.swift in Sources */,
				EDC934192BE0787E0056BBB0 /* ThumbnailDto.swift in Sources */,
				ED778AF52BF7EEC2002ECA41 /* HomeViewModel.swift in Sources */,
				EDEB792E2BCEE164007711FD /* ComicBookApp.swift in Sources */,
				EDC934222BE14C260056BBB0 /* ItemHListView.swift in Sources */,
				EDEB796C2BCF05CB007711FD /* ComicBookApi.swift in Sources */,
				EDEB79712BCF094E007711FD /* ComicBookRemote.swift in Sources */,
			);
			runOnlyForDeploymentPostprocessing = 0;
		};
		EDEB79362BCEE165007711FD /* Sources */ = {
			isa = PBXSourcesBuildPhase;
			buildActionMask = 2147483647;
			files = (
				EDEB793F2BCEE165007711FD /* ComicBookTests.swift in Sources */,
			);
			runOnlyForDeploymentPostprocessing = 0;
		};
		EDEB79402BCEE165007711FD /* Sources */ = {
			isa = PBXSourcesBuildPhase;
			buildActionMask = 2147483647;
			files = (
				EDEB79492BCEE165007711FD /* ComicBookUITests.swift in Sources */,
				EDEB794B2BCEE165007711FD /* ComicBookUITestsLaunchTests.swift in Sources */,
			);
			runOnlyForDeploymentPostprocessing = 0;
		};
/* End PBXSourcesBuildPhase section */

/* Begin PBXTargetDependency section */
		EDEB793C2BCEE165007711FD /* PBXTargetDependency */ = {
			isa = PBXTargetDependency;
			target = EDEB79292BCEE164007711FD /* ComicBook */;
			targetProxy = EDEB793B2BCEE165007711FD /* PBXContainerItemProxy */;
		};
		EDEB79462BCEE165007711FD /* PBXTargetDependency */ = {
			isa = PBXTargetDependency;
			target = EDEB79292BCEE164007711FD /* ComicBook */;
			targetProxy = EDEB79452BCEE165007711FD /* PBXContainerItemProxy */;
		};
/* End PBXTargetDependency section */

/* Begin XCBuildConfiguration section */
		EDEB794C2BCEE165007711FD /* Debug */ = {
			isa = XCBuildConfiguration;
			buildSettings = {
				ALWAYS_SEARCH_USER_PATHS = NO;
				ASSETCATALOG_COMPILER_GENERATE_SWIFT_ASSET_SYMBOL_EXTENSIONS = YES;
				CLANG_ANALYZER_NONNULL = YES;
				CLANG_ANALYZER_NUMBER_OBJECT_CONVERSION = YES_AGGRESSIVE;
				CLANG_CXX_LANGUAGE_STANDARD = "gnu++20";
				CLANG_ENABLE_MODULES = YES;
				CLANG_ENABLE_OBJC_ARC = YES;
				CLANG_ENABLE_OBJC_WEAK = YES;
				CLANG_WARN_BLOCK_CAPTURE_AUTORELEASING = YES;
				CLANG_WARN_BOOL_CONVERSION = YES;
				CLANG_WARN_COMMA = YES;
				CLANG_WARN_CONSTANT_CONVERSION = YES;
				CLANG_WARN_DEPRECATED_OBJC_IMPLEMENTATIONS = YES;
				CLANG_WARN_DIRECT_OBJC_ISA_USAGE = YES_ERROR;
				CLANG_WARN_DOCUMENTATION_COMMENTS = YES;
				CLANG_WARN_EMPTY_BODY = YES;
				CLANG_WARN_ENUM_CONVERSION = YES;
				CLANG_WARN_INFINITE_RECURSION = YES;
				CLANG_WARN_INT_CONVERSION = YES;
				CLANG_WARN_NON_LITERAL_NULL_CONVERSION = YES;
				CLANG_WARN_OBJC_IMPLICIT_RETAIN_SELF = YES;
				CLANG_WARN_OBJC_LITERAL_CONVERSION = YES;
				CLANG_WARN_OBJC_ROOT_CLASS = YES_ERROR;
				CLANG_WARN_QUOTED_INCLUDE_IN_FRAMEWORK_HEADER = YES;
				CLANG_WARN_RANGE_LOOP_ANALYSIS = YES;
				CLANG_WARN_STRICT_PROTOTYPES = YES;
				CLANG_WARN_SUSPICIOUS_MOVE = YES;
				CLANG_WARN_UNGUARDED_AVAILABILITY = YES_AGGRESSIVE;
				CLANG_WARN_UNREACHABLE_CODE = YES;
				CLANG_WARN__DUPLICATE_METHOD_MATCH = YES;
				COPY_PHASE_STRIP = NO;
				DEBUG_INFORMATION_FORMAT = dwarf;
				ENABLE_STRICT_OBJC_MSGSEND = YES;
				ENABLE_TESTABILITY = YES;
				ENABLE_USER_SCRIPT_SANDBOXING = YES;
				GCC_C_LANGUAGE_STANDARD = gnu17;
				GCC_DYNAMIC_NO_PIC = NO;
				GCC_NO_COMMON_BLOCKS = YES;
				GCC_OPTIMIZATION_LEVEL = 0;
				GCC_PREPROCESSOR_DEFINITIONS = (
					"DEBUG=1",
					"$(inherited)",
				);
				GCC_WARN_64_TO_32_BIT_CONVERSION = YES;
				GCC_WARN_ABOUT_RETURN_TYPE = YES_ERROR;
				GCC_WARN_UNDECLARED_SELECTOR = YES;
				GCC_WARN_UNINITIALIZED_AUTOS = YES_AGGRESSIVE;
				GCC_WARN_UNUSED_FUNCTION = YES;
				GCC_WARN_UNUSED_VARIABLE = YES;
				IPHONEOS_DEPLOYMENT_TARGET = 17.2;
				LOCALIZATION_PREFERS_STRING_CATALOGS = YES;
				MTL_ENABLE_DEBUG_INFO = INCLUDE_SOURCE;
				MTL_FAST_MATH = YES;
				ONLY_ACTIVE_ARCH = YES;
				SDKROOT = iphoneos;
				SWIFT_ACTIVE_COMPILATION_CONDITIONS = "DEBUG $(inherited)";
				SWIFT_OPTIMIZATION_LEVEL = "-Onone";
			};
			name = Debug;
		};
		EDEB794D2BCEE165007711FD /* Release */ = {
			isa = XCBuildConfiguration;
			buildSettings = {
				ALWAYS_SEARCH_USER_PATHS = NO;
				ASSETCATALOG_COMPILER_GENERATE_SWIFT_ASSET_SYMBOL_EXTENSIONS = YES;
				CLANG_ANALYZER_NONNULL = YES;
				CLANG_ANALYZER_NUMBER_OBJECT_CONVERSION = YES_AGGRESSIVE;
				CLANG_CXX_LANGUAGE_STANDARD = "gnu++20";
				CLANG_ENABLE_MODULES = YES;
				CLANG_ENABLE_OBJC_ARC = YES;
				CLANG_ENABLE_OBJC_WEAK = YES;
				CLANG_WARN_BLOCK_CAPTURE_AUTORELEASING = YES;
				CLANG_WARN_BOOL_CONVERSION = YES;
				CLANG_WARN_COMMA = YES;
				CLANG_WARN_CONSTANT_CONVERSION = YES;
				CLANG_WARN_DEPRECATED_OBJC_IMPLEMENTATIONS = YES;
				CLANG_WARN_DIRECT_OBJC_ISA_USAGE = YES_ERROR;
				CLANG_WARN_DOCUMENTATION_COMMENTS = YES;
				CLANG_WARN_EMPTY_BODY = YES;
				CLANG_WARN_ENUM_CONVERSION = YES;
				CLANG_WARN_INFINITE_RECURSION = YES;
				CLANG_WARN_INT_CONVERSION = YES;
				CLANG_WARN_NON_LITERAL_NULL_CONVERSION = YES;
				CLANG_WARN_OBJC_IMPLICIT_RETAIN_SELF = YES;
				CLANG_WARN_OBJC_LITERAL_CONVERSION = YES;
				CLANG_WARN_OBJC_ROOT_CLASS = YES_ERROR;
				CLANG_WARN_QUOTED_INCLUDE_IN_FRAMEWORK_HEADER = YES;
				CLANG_WARN_RANGE_LOOP_ANALYSIS = YES;
				CLANG_WARN_STRICT_PROTOTYPES = YES;
				CLANG_WARN_SUSPICIOUS_MOVE = YES;
				CLANG_WARN_UNGUARDED_AVAILABILITY = YES_AGGRESSIVE;
				CLANG_WARN_UNREACHABLE_CODE = YES;
				CLANG_WARN__DUPLICATE_METHOD_MATCH = YES;
				COPY_PHASE_STRIP = NO;
				DEBUG_INFORMATION_FORMAT = "dwarf-with-dsym";
				ENABLE_NS_ASSERTIONS = NO;
				ENABLE_STRICT_OBJC_MSGSEND = YES;
				ENABLE_USER_SCRIPT_SANDBOXING = YES;
				GCC_C_LANGUAGE_STANDARD = gnu17;
				GCC_NO_COMMON_BLOCKS = YES;
				GCC_WARN_64_TO_32_BIT_CONVERSION = YES;
				GCC_WARN_ABOUT_RETURN_TYPE = YES_ERROR;
				GCC_WARN_UNDECLARED_SELECTOR = YES;
				GCC_WARN_UNINITIALIZED_AUTOS = YES_AGGRESSIVE;
				GCC_WARN_UNUSED_FUNCTION = YES;
				GCC_WARN_UNUSED_VARIABLE = YES;
				IPHONEOS_DEPLOYMENT_TARGET = 17.2;
				LOCALIZATION_PREFERS_STRING_CATALOGS = YES;
				MTL_ENABLE_DEBUG_INFO = NO;
				MTL_FAST_MATH = YES;
				SDKROOT = iphoneos;
				SWIFT_COMPILATION_MODE = wholemodule;
				VALIDATE_PRODUCT = YES;
			};
			name = Release;
		};
		EDEB794F2BCEE165007711FD /* Debug */ = {
			isa = XCBuildConfiguration;
			buildSettings = {
				ASSETCATALOG_COMPILER_APPICON_NAME = AppIcon;
				ASSETCATALOG_COMPILER_GLOBAL_ACCENT_COLOR_NAME = AccentColor;
				CODE_SIGN_STYLE = Automatic;
				CURRENT_PROJECT_VERSION = 1;
				DEVELOPMENT_ASSET_PATHS = "\"ComicBook/Preview Content\"";
				DEVELOPMENT_TEAM = CH6WB3TNKQ;
				ENABLE_PREVIEWS = YES;
				GENERATE_INFOPLIST_FILE = YES;
				INFOPLIST_KEY_UIApplicationSceneManifest_Generation = YES;
				INFOPLIST_KEY_UIApplicationSupportsIndirectInputEvents = YES;
				INFOPLIST_KEY_UILaunchScreen_Generation = YES;
				INFOPLIST_KEY_UISupportedInterfaceOrientations_iPad = "UIInterfaceOrientationPortrait UIInterfaceOrientationPortraitUpsideDown UIInterfaceOrientationLandscapeLeft UIInterfaceOrientationLandscapeRight";
				INFOPLIST_KEY_UISupportedInterfaceOrientations_iPhone = "UIInterfaceOrientationPortrait UIInterfaceOrientationLandscapeLeft UIInterfaceOrientationLandscapeRight";
				LD_RUNPATH_SEARCH_PATHS = (
					"$(inherited)",
					"@executable_path/Frameworks",
				);
				MARKETING_VERSION = 1.0;
				PRODUCT_BUNDLE_IDENTIFIER = com.quinto.ComicBook;
				PRODUCT_NAME = "$(TARGET_NAME)";
				SWIFT_EMIT_LOC_STRINGS = YES;
				SWIFT_VERSION = 5.0;
				TARGETED_DEVICE_FAMILY = "1,2";
			};
			name = Debug;
		};
		EDEB79502BCEE165007711FD /* Release */ = {
			isa = XCBuildConfiguration;
			buildSettings = {
				ASSETCATALOG_COMPILER_APPICON_NAME = AppIcon;
				ASSETCATALOG_COMPILER_GLOBAL_ACCENT_COLOR_NAME = AccentColor;
				CODE_SIGN_STYLE = Automatic;
				CURRENT_PROJECT_VERSION = 1;
				DEVELOPMENT_ASSET_PATHS = "\"ComicBook/Preview Content\"";
				DEVELOPMENT_TEAM = CH6WB3TNKQ;
				ENABLE_PREVIEWS = YES;
				GENERATE_INFOPLIST_FILE = YES;
				INFOPLIST_KEY_UIApplicationSceneManifest_Generation = YES;
				INFOPLIST_KEY_UIApplicationSupportsIndirectInputEvents = YES;
				INFOPLIST_KEY_UILaunchScreen_Generation = YES;
				INFOPLIST_KEY_UISupportedInterfaceOrientations_iPad = "UIInterfaceOrientationPortrait UIInterfaceOrientationPortraitUpsideDown UIInterfaceOrientationLandscapeLeft UIInterfaceOrientationLandscapeRight";
				INFOPLIST_KEY_UISupportedInterfaceOrientations_iPhone = "UIInterfaceOrientationPortrait UIInterfaceOrientationLandscapeLeft UIInterfaceOrientationLandscapeRight";
				LD_RUNPATH_SEARCH_PATHS = (
					"$(inherited)",
					"@executable_path/Frameworks",
				);
				MARKETING_VERSION = 1.0;
				PRODUCT_BUNDLE_IDENTIFIER = com.quinto.ComicBook;
				PRODUCT_NAME = "$(TARGET_NAME)";
				SWIFT_EMIT_LOC_STRINGS = YES;
				SWIFT_VERSION = 5.0;
				TARGETED_DEVICE_FAMILY = "1,2";
			};
			name = Release;
		};
		EDEB79522BCEE165007711FD /* Debug */ = {
			isa = XCBuildConfiguration;
			buildSettings = {
				ALWAYS_EMBED_SWIFT_STANDARD_LIBRARIES = YES;
				BUNDLE_LOADER = "$(TEST_HOST)";
				CODE_SIGN_STYLE = Automatic;
				CURRENT_PROJECT_VERSION = 1;
				DEVELOPMENT_TEAM = CH6WB3TNKQ;
				GENERATE_INFOPLIST_FILE = YES;
				IPHONEOS_DEPLOYMENT_TARGET = 17.2;
				MARKETING_VERSION = 1.0;
				PRODUCT_BUNDLE_IDENTIFIER = com.quinto.ComicBookTests;
				PRODUCT_NAME = "$(TARGET_NAME)";
				SWIFT_EMIT_LOC_STRINGS = NO;
				SWIFT_VERSION = 5.0;
				TARGETED_DEVICE_FAMILY = "1,2";
				TEST_HOST = "$(BUILT_PRODUCTS_DIR)/ComicBook.app/$(BUNDLE_EXECUTABLE_FOLDER_PATH)/ComicBook";
			};
			name = Debug;
		};
		EDEB79532BCEE165007711FD /* Release */ = {
			isa = XCBuildConfiguration;
			buildSettings = {
				ALWAYS_EMBED_SWIFT_STANDARD_LIBRARIES = YES;
				BUNDLE_LOADER = "$(TEST_HOST)";
				CODE_SIGN_STYLE = Automatic;
				CURRENT_PROJECT_VERSION = 1;
				DEVELOPMENT_TEAM = CH6WB3TNKQ;
				GENERATE_INFOPLIST_FILE = YES;
				IPHONEOS_DEPLOYMENT_TARGET = 17.2;
				MARKETING_VERSION = 1.0;
				PRODUCT_BUNDLE_IDENTIFIER = com.quinto.ComicBookTests;
				PRODUCT_NAME = "$(TARGET_NAME)";
				SWIFT_EMIT_LOC_STRINGS = NO;
				SWIFT_VERSION = 5.0;
				TARGETED_DEVICE_FAMILY = "1,2";
				TEST_HOST = "$(BUILT_PRODUCTS_DIR)/ComicBook.app/$(BUNDLE_EXECUTABLE_FOLDER_PATH)/ComicBook";
			};
			name = Release;
		};
		EDEB79552BCEE165007711FD /* Debug */ = {
			isa = XCBuildConfiguration;
			buildSettings = {
				ALWAYS_EMBED_SWIFT_STANDARD_LIBRARIES = YES;
				CODE_SIGN_STYLE = Automatic;
				CURRENT_PROJECT_VERSION = 1;
				DEVELOPMENT_TEAM = CH6WB3TNKQ;
				GENERATE_INFOPLIST_FILE = YES;
				MARKETING_VERSION = 1.0;
				PRODUCT_BUNDLE_IDENTIFIER = com.quinto.ComicBookUITests;
				PRODUCT_NAME = "$(TARGET_NAME)";
				SWIFT_EMIT_LOC_STRINGS = NO;
				SWIFT_VERSION = 5.0;
				TARGETED_DEVICE_FAMILY = "1,2";
				TEST_TARGET_NAME = ComicBook;
			};
			name = Debug;
		};
		EDEB79562BCEE165007711FD /* Release */ = {
			isa = XCBuildConfiguration;
			buildSettings = {
				ALWAYS_EMBED_SWIFT_STANDARD_LIBRARIES = YES;
				CODE_SIGN_STYLE = Automatic;
				CURRENT_PROJECT_VERSION = 1;
				DEVELOPMENT_TEAM = CH6WB3TNKQ;
				GENERATE_INFOPLIST_FILE = YES;
				MARKETING_VERSION = 1.0;
				PRODUCT_BUNDLE_IDENTIFIER = com.quinto.ComicBookUITests;
				PRODUCT_NAME = "$(TARGET_NAME)";
				SWIFT_EMIT_LOC_STRINGS = NO;
				SWIFT_VERSION = 5.0;
				TARGETED_DEVICE_FAMILY = "1,2";
				TEST_TARGET_NAME = ComicBook;
			};
			name = Release;
		};
/* End XCBuildConfiguration section */

/* Begin XCConfigurationList section */
		EDEB79252BCEE164007711FD /* Build configuration list for PBXProject "ComicBook" */ = {
			isa = XCConfigurationList;
			buildConfigurations = (
				EDEB794C2BCEE165007711FD /* Debug */,
				EDEB794D2BCEE165007711FD /* Release */,
			);
			defaultConfigurationIsVisible = 0;
			defaultConfigurationName = Release;
		};
		EDEB794E2BCEE165007711FD /* Build configuration list for PBXNativeTarget "ComicBook" */ = {
			isa = XCConfigurationList;
			buildConfigurations = (
				EDEB794F2BCEE165007711FD /* Debug */,
				EDEB79502BCEE165007711FD /* Release */,
			);
			defaultConfigurationIsVisible = 0;
			defaultConfigurationName = Release;
		};
		EDEB79512BCEE165007711FD /* Build configuration list for PBXNativeTarget "ComicBookTests" */ = {
			isa = XCConfigurationList;
			buildConfigurations = (
				EDEB79522BCEE165007711FD /* Debug */,
				EDEB79532BCEE165007711FD /* Release */,
			);
			defaultConfigurationIsVisible = 0;
			defaultConfigurationName = Release;
		};
		EDEB79542BCEE165007711FD /* Build configuration list for PBXNativeTarget "ComicBookUITests" */ = {
			isa = XCConfigurationList;
			buildConfigurations = (
				EDEB79552BCEE165007711FD /* Debug */,
				EDEB79562BCEE165007711FD /* Release */,
			);
			defaultConfigurationIsVisible = 0;
			defaultConfigurationName = Release;
		};
/* End XCConfigurationList section */

/* Begin XCRemoteSwiftPackageReference section */
		EDEB797A2BCF7115007711FD /* XCRemoteSwiftPackageReference "swiftui-cached-async-image" */ = {
			isa = XCRemoteSwiftPackageReference;
			repositoryURL = "https://github.com/lorenzofiamingo/swiftui-cached-async-image";
			requirement = {
				kind = upToNextMajorVersion;
				minimumVersion = 2.1.1;
			};
		};
/* End XCRemoteSwiftPackageReference section */

/* Begin XCSwiftPackageProductDependency section */
		EDEB797E2BCF72EE007711FD /* CachedAsyncImage */ = {
			isa = XCSwiftPackageProductDependency;
			package = EDEB797A2BCF7115007711FD /* XCRemoteSwiftPackageReference "swiftui-cached-async-image" */;
			productName = CachedAsyncImage;
		};
/* End XCSwiftPackageProductDependency section */
	};
	rootObject = EDEB79222BCEE164007711FD /* Project object */;
}
